<?xml version="1.0" encoding="utf-8"?>
<Project ToolsVersion="4.0" xmlns="http://schemas.microsoft.com/developer/msbuild/2003">
  <ItemGroup>
    <Filter Include="Source Files">
      <UniqueIdentifier>{742297ab-6829-4b83-a007-f60213c88a87}</UniqueIdentifier>
      <Extensions>cpp;c;cxx;rc;def;r;odl;idl;hpj;bat</Extensions>
    </Filter>
    <Filter Include="Header Files">
      <UniqueIdentifier>{4bc158c9-ed1a-4db0-8455-c3b9229b3cb0}</UniqueIdentifier>
      <Extensions>h;hpp;hxx;hm;inl</Extensions>
    </Filter>
    <Filter Include="Resource Files">
      <UniqueIdentifier>{2b6ddffc-f754-4aa5-9f44-71477c08a05a}</UniqueIdentifier>
      <Extensions>ico;cur;bmp;dlg;rc2;rct;bin;rgs;gif;jpg;jpeg;jpe</Extensions>
    </Filter>
  </ItemGroup>
  <ItemGroup>
    <ClCompile Include="asyncselect.cpp">
      <Filter>Source Files</Filter>
    </ClCompile>
    <ClCompile Include="extension.cpp">
      <Filter>Source Files</Filter>
    </ClCompile>
    <ClCompile Include="lspguid.cpp">
      <Filter>Source Files</Filter>
    </ClCompile>
    <ClCompile Include="overlap.cpp">
      <Filter>Source Files</Filter>
    </ClCompile>
    <ClCompile Include="..\common\provider.cpp">
      <Filter>Source Files</Filter>
    </ClCompile>
    <ClCompile Include="sockinfo.cpp">
      <Filter>Source Files</Filter>
    </ClCompile>
    <ClCompile Include="spi.cpp">
      <Filter>Source Files</Filter>
    </ClCompile>
  </ItemGroup>
  <ItemGroup>
    <ClInclude Include="..\common\lspcommon.h">
      <Filter>Header Files</Filter>
    </ClInclude>
    <ClInclude Include="lspdef.h">
      <Filter>Header Files</Filter>
    </ClInclude>
  </ItemGroup>
  <ItemGroup>
    <CustomBuild Include="nonifslsp.def">
      <Filter>Source Files</Filter>
    </CustomBuild>
  </ItemGroup>
</Project>