
Microsoft Visual Studio Solution File, Format Version 11.00
# Visual Studio 2010
Project("{8BC9CEB8-8B4A-11D0-8D11-00A0C91BC942}") = "shm_writer", "shm_writer\shm_writer.vcxproj", "{A4772E72-0BFA-47E8-BAB6-7B75D1A8073D}"
EndProject
Global
	GlobalSection(SolutionConfigurationPlatforms) = preSolution
		Debug|Win32 = Debug|Win32
		Release|Win32 = Release|Win32
	EndGlobalSection
	GlobalSection(ProjectConfigurationPlatforms) = postSolution
		{A4772E72-0BFA-47E8-BAB6-7B75D1A8073D}.Debug|Win32.ActiveCfg = Release|Win32
		{A4772E72-0BFA-47E8-BAB6-7B75D1A8073D}.Debug|Win32.Build.0 = Release|Win32
		{A4772E72-0BFA-47E8-BAB6-7B75D1A8073D}.Release|Win32.ActiveCfg = Release|Win32
		{A4772E72-0BFA-47E8-BAB6-7B75D1A8073D}.Release|Win32.Build.0 = Release|Win32
	EndGlobalSection
	GlobalSection(SolutionProperties) = preSolution
		HideSolutionNode = FALSE
	EndGlobalSection
EndGlobal
